
Microsoft Visual Studio Solution File, Format Version 12.00
# Visual Studio Version 17
VisualStudioVersion = 17.2.32616.157
MinimumVisualStudioVersion = 10.0.40219.1
Project("{FAE04EC0-301F-11D3-BF4B-00C04F79EFBC}") = "CrudComImgMysqlEntity", "CrudComImgMysqlEntity\CrudComImgMysqlEntity.csproj", "{9702B90A-885F-4A32-A292-C9A28DF590BD}"
EndProject
Global
	GlobalSection(SolutionConfigurationPlatforms) = preSolution
		Debug|Any CPU = Debug|Any CPU
		Release|Any CPU = Release|Any CPU
	EndGlobalSection
	GlobalSection(ProjectConfigurationPlatforms) = postSolution
		{9702B90A-885F-4A32-A292-C9A28DF590BD}.Debug|Any CPU.ActiveCfg = Debug|Any CPU
		{9702B90A-885F-4A32-A292-C9A28DF590BD}.Debug|Any CPU.Build.0 = Debug|Any CPU
		{9702B90A-885F-4A32-A292-C9A28DF590BD}.Release|Any CPU.ActiveCfg = Release|Any CPU
		{9702B90A-885F-4A32-A292-C9A28DF590BD}.Release|Any CPU.Build.0 = Release|Any CPU
	EndGlobalSection
	GlobalSection(SolutionProperties) = preSolution
		HideSolutionNode = FALSE
	EndGlobalSection
	GlobalSection(ExtensibilityGlobals) = postSolution
		SolutionGuid = {D2FDD86C-B5FF-4796-80B4-FB2BEF9EC4F9}
	EndGlobalSection
EndGlobal
